
Microsoft Visual Studio Solution File, Format Version 12.00
# Visual Studio Version 16
VisualStudioVersion = 16.0.32002.261
MinimumVisualStudioVersion = 10.0.40219.1
Project("{9A19103F-16F7-4668-BE54-9A1E7A4F7556}") = "PDFMassivePrinter", "PDFMassivePrinter.csproj", "{17233282-79CB-493C-A625-D2A80778BF56}"
EndProject
Global
	GlobalSection(SolutionConfigurationPlatforms) = preSolution
		Debug|Any CPU = Debug|Any CPU
		Debug|x64 = Debug|x64
		Debug|x86 = Debug|x86
		Release|Any CPU = Release|Any CPU
		Release|x64 = Release|x64
		Release|x86 = Release|x86
	EndGlobalSection
	GlobalSection(ProjectConfigurationPlatforms) = postSolution
		{17233282-79CB-493C-A625-D2A80778BF56}.Debug|Any CPU.ActiveCfg = Debug|Any CPU
		{17233282-79CB-493C-A625-D2A80778BF56}.Debug|Any CPU.Build.0 = Debug|Any CPU
		{17233282-79CB-493C-A625-D2A80778BF56}.Debug|x64.ActiveCfg = Debug|x64
		{17233282-79CB-493C-A625-D2A80778BF56}.Debug|x64.Build.0 = Debug|x64
		{17233282-79CB-493C-A625-D2A80778BF56}.Debug|x86.ActiveCfg = Debug|x86
		{17233282-79CB-493C-A625-D2A80778BF56}.Debug|x86.Build.0 = Debug|x86
		{17233282-79CB-493C-A625-D2A80778BF56}.Release|Any CPU.ActiveCfg = Release|Any CPU
		{17233282-79CB-493C-A625-D2A80778BF56}.Release|Any CPU.Build.0 = Release|Any CPU
		{17233282-79CB-493C-A625-D2A80778BF56}.Release|x64.ActiveCfg = Release|x64
		{17233282-79CB-493C-A625-D2A80778BF56}.Release|x64.Build.0 = Release|x64
		{17233282-79CB-493C-A625-D2A80778BF56}.Release|x86.ActiveCfg = Release|x86
		{17233282-79CB-493C-A625-D2A80778BF56}.Release|x86.Build.0 = Release|x86
	EndGlobalSection
	GlobalSection(SolutionProperties) = preSolution
		HideSolutionNode = FALSE
	EndGlobalSection
	GlobalSection(ExtensibilityGlobals) = postSolution
		SolutionGuid = {A051EB9F-CDD4-4FEC-A0D7-F760AB424826}
	EndGlobalSection
EndGlobal
